
Microsoft Visual Studio Solution File, Format Version 11.00
# Visual Studio 2010
Project("{E24C65DC-7377-472B-9ABA-BC803B73C61A}") = "ShikmaFriends", ".", "{012FBF1D-576F-48F1-BDBB-C19684DAE89B}"
	ProjectSection(WebsiteProperties) = preProject
		TargetFrameworkMoniker = ".NETFramework,Version%3Dv4.0"
		Debug.AspNetCompiler.VirtualPath = "/ShikmaFriends"
		Debug.AspNetCompiler.PhysicalPath = "..\ShikmaFriends\"
		Debug.AspNetCompiler.TargetPath = "PrecompiledWeb\ShikmaFriends\"
		Debug.AspNetCompiler.Updateable = "true"
		Debug.AspNetCompiler.ForceOverwrite = "true"
		Debug.AspNetCompiler.FixedNames = "false"
		Debug.AspNetCompiler.Debug = "True"
		Release.AspNetCompiler.VirtualPath = "/ShikmaFriends"
		Release.AspNetCompiler.PhysicalPath = "..\ShikmaFriends\"
		Release.AspNetCompiler.TargetPath = "PrecompiledWeb\ShikmaFriends\"
		Release.AspNetCompiler.Updateable = "true"
		Release.AspNetCompiler.ForceOverwrite = "true"
		Release.AspNetCompiler.FixedNames = "false"
		Release.AspNetCompiler.Debug = "False"
		VWDPort = "50666"
	EndProjectSection
EndProject
Global
	GlobalSection(SolutionConfigurationPlatforms) = preSolution
		Debug|Any CPU = Debug|Any CPU
	EndGlobalSection
	GlobalSection(ProjectConfigurationPlatforms) = postSolution
		{012FBF1D-576F-48F1-BDBB-C19684DAE89B}.Debug|Any CPU.ActiveCfg = Debug|Any CPU
		{012FBF1D-576F-48F1-BDBB-C19684DAE89B}.Debug|Any CPU.Build.0 = Debug|Any CPU
	EndGlobalSection
	GlobalSection(SolutionProperties) = preSolution
		HideSolutionNode = FALSE
	EndGlobalSection
EndGlobal
